
Microsoft Visual Studio Solution File, Format Version 12.00
# Visual Studio Version 17
VisualStudioVersion = 17.1.32210.238
MinimumVisualStudioVersion = 10.0.40219.1
Project("{FAE04EC0-301F-11D3-BF4B-00C04F79EFBC}") = "EntityFrameworkSP_Demo", "EntityFrameworkSP_Demo\EntityFrameworkSP_Demo.csproj", "{CCBD2BAB-1CD8-4E24-A03B-216E42DC5CF4}"
EndProject
Global
	GlobalSection(SolutionConfigurationPlatforms) = preSolution
		Debug|Any CPU = Debug|Any CPU
		Release|Any CPU = Release|Any CPU
	EndGlobalSection
	GlobalSection(ProjectConfigurationPlatforms) = postSolution
		{CCBD2BAB-1CD8-4E24-A03B-216E42DC5CF4}.Debug|Any CPU.ActiveCfg = Debug|Any CPU
		{CCBD2BAB-1CD8-4E24-A03B-216E42DC5CF4}.Debug|Any CPU.Build.0 = Debug|Any CPU
		{CCBD2BAB-1CD8-4E24-A03B-216E42DC5CF4}.Release|Any CPU.ActiveCfg = Release|Any CPU
		{CCBD2BAB-1CD8-4E24-A03B-216E42DC5CF4}.Release|Any CPU.Build.0 = Release|Any CPU
	EndGlobalSection
	GlobalSection(SolutionProperties) = preSolution
		HideSolutionNode = FALSE
	EndGlobalSection
	GlobalSection(ExtensibilityGlobals) = postSolution
		SolutionGuid = {03A2E6BB-390C-4DBC-A50A-B8304B006930}
	EndGlobalSection
EndGlobal
